{
  "name": "weed",
  "lockfileVersion": 2,
  "requires": true,
  "packages": {
    "": {
      "dependencies": {
        "angular2-text-mask": "^9.0.0",
        "text-mask-addons": "^3.8.0"
      }
    },
    "node_modules/angular2-text-mask": {
      "version": "9.0.0",
      "resolved": "https://registry.npmjs.org/angular2-text-mask/-/angular2-text-mask-9.0.0.tgz",
      "integrity": "sha512-iALcnhJPS1zvX48d86rgUgDe/crX6XfhZrXC4Gdlo2/YwZW7u7KJZY6/b3ieSCIWVq/E6p+wDCzeo3E6leRjDA==",
      "dependencies": {
        "text-mask-core": "^5.0.0"
      }
    },
    "node_modules/text-mask-addons": {
      "version": "3.8.0",
      "resolved": "https://registry.npmjs.org/text-mask-addons/-/text-mask-addons-3.8.0.tgz",
      "integrity": "sha1-F7Ye9mWk82gR8uofAaIjtL5hqyY="
    },
    "node_modules/text-mask-core": {
      "version": "5.1.2",
      "resolved": "https://registry.npmjs.org/text-mask-core/-/text-mask-core-5.1.2.tgz",
      "integrity": "sha1-gN1evgSCV1fkZhnmkUB6n4s8G28="
    }
  },
  "dependencies": {
    "angular2-text-mask": {
      "version": "9.0.0",
      "resolved": "https://registry.npmjs.org/angular2-text-mask/-/angular2-text-mask-9.0.0.tgz",
      "integrity": "sha512-iALcnhJPS1zvX48d86rgUgDe/crX6XfhZrXC4Gdlo2/YwZW7u7KJZY6/b3ieSCIWVq/E6p+wDCzeo3E6leRjDA==",
      "requires": {
        "text-mask-core": "^5.0.0"
      }
    },
    "text-mask-addons": {
      "version": "3.8.0",
      "resolved": "https://registry.npmjs.org/text-mask-addons/-/text-mask-addons-3.8.0.tgz",
      "integrity": "sha1-F7Ye9mWk82gR8uofAaIjtL5hqyY="
    },
    "text-mask-core": {
      "version": "5.1.2",
      "resolved": "https://registry.npmjs.org/text-mask-core/-/text-mask-core-5.1.2.tgz",
      "integrity": "sha1-gN1evgSCV1fkZhnmkUB6n4s8G28="
    }
  }
}
